# This file is automatically @generated by Cargo.
# It is not intended for manual editing.
[[package]]
name = "libcalc"
version = "0.1.0"

[[package]]
name = "libinfo"
version = "0.1.0"

[[package]]
name = "libinput"
version = "0.1.0"

[[package]]
name = "mycalculator"
version = "0.1.0"
dependencies = [
 "libcalc 0.1.0",
 "libinfo 0.1.0",
 "libinput 0.1.0",
]

